<?xml version="1.0" encoding="utf-8"?>
<Project ToolsVersion="4.0" xmlns="http://schemas.microsoft.com/developer/msbuild/2003">
  <ItemGroup>
    <Filter Include="Source Files">
      <UniqueIdentifier>{4FC737F1-C7A5-4376-A066-2A32D752A2FF}</UniqueIdentifier>
      <Extensions>cpp;c;cc;cxx;c++;cppm;ixx;def;odl;idl;hpj;bat;asm;asmx</Extensions>
    </Filter>
    <Filter Include="Source Files\Net">
      <UniqueIdentifier>{45f4ac9f-136d-4dee-ba90-00622813790d}</UniqueIdentifier>
    </Filter>
    <Filter Include="Source Files\Core">
      <UniqueIdentifier>{017832e5-6c0c-4be7-8690-544c03c2bbdb}</UniqueIdentifier>
    </Filter>
  </ItemGroup>
  <ItemGroup>
    <ClCompile Include="Main.cpp">
      <Filter>Source Files</Filter>
    </ClCompile>
    <ClCompile Include="stdafx.cpp">
      <Filter>Source Files</Filter>
    </ClCompile>
    <ClCompile Include="IocpBase.cpp">
      <Filter>Source Files\Net</Filter>
    </ClCompile>
    <ClCompile Include="Log.cpp">
      <Filter>Source Files\Core</Filter>
    </ClCompile>
    <ClCompile Include="NetDefine.cpp">
      <Filter>Source Files\Net</Filter>
    </ClCompile>
    <ClCompile Include="Timer.cpp">
      <Filter>Source Files\Core</Filter>
    </ClCompile>
    <ClCompile Include="Lock.cpp">
      <Filter>Source Files\Core</Filter>
    </ClCompile>
  </ItemGroup>
  <ItemGroup>
    <ClInclude Include="stdafx.h">
      <Filter>Source Files</Filter>
    </ClInclude>
    <ClInclude Include="IocpBase.h">
      <Filter>Source Files\Net</Filter>
    </ClInclude>
    <ClInclude Include="Log.h">
      <Filter>Source Files\Core</Filter>
    </ClInclude>
    <ClInclude Include="NetDefine.h">
      <Filter>Source Files\Net</Filter>
    </ClInclude>
    <ClInclude Include="Timer.h">
      <Filter>Source Files\Core</Filter>
    </ClInclude>
    <ClInclude Include="Lock.h">
      <Filter>Source Files\Core</Filter>
    </ClInclude>
  </ItemGroup>
</Project>